<?xml version="1.0" encoding="utf-8"?>
<Project ToolsVersion="4.0" xmlns="http://schemas.microsoft.com/developer/msbuild/2003">
  <ItemGroup>
    <Filter Include="源文件">
      <UniqueIdentifier>{4FC737F1-C7A5-4376-A066-2A32D752A2FF}</UniqueIdentifier>
      <Extensions>cpp;c;cc;cxx;def;odl;idl;hpj;bat;asm;asmx</Extensions>
    </Filter>
    <Filter Include="头文件">
      <UniqueIdentifier>{93995380-89BD-4b04-88EB-625FBE52EBFB}</UniqueIdentifier>
      <Extensions>h;hh;hpp;hxx;hm;inl;inc;ipp;xsd</Extensions>
    </Filter>
    <Filter Include="资源文件">
      <UniqueIdentifier>{67DA6AB6-F800-4c08-8B7A-83BB121AAD01}</UniqueIdentifier>
      <Extensions>rc;ico;cur;bmp;dlg;rc2;rct;bin;rgs;gif;jpg;jpeg;jpe;resx;tiff;tif;png;wav;mfcribbon-ms</Extensions>
    </Filter>
    <Filter Include="源文件\test">
      <UniqueIdentifier>{5361e5c4-fe69-48f7-bc7e-4556af09a5f5}</UniqueIdentifier>
    </Filter>
    <Filter Include="头文件\include">
      <UniqueIdentifier>{fb142bc4-f46f-468e-b119-1fea2aeee098}</UniqueIdentifier>
    </Filter>
    <Filter Include="源文件\tinyxml">
      <UniqueIdentifier>{6b1a5416-828b-4b6b-b02a-3a45a50d5e32}</UniqueIdentifier>
    </Filter>
    <Filter Include="源文件\NewFilter1">
      <UniqueIdentifier>{dc304d36-e1ff-4bbe-8c9e-3225ce353bd2}</UniqueIdentifier>
    </Filter>
  </ItemGroup>
  <ItemGroup>
    <ClCompile Include="logger.cpp">
      <Filter>源文件</Filter>
    </ClCompile>
    <ClCompile Include="loggermessage.cpp">
      <Filter>源文件</Filter>
    </ClCompile>
    <ClCompile Include="test\test.cpp">
      <Filter>源文件\test</Filter>
    </ClCompile>
    <ClCompile Include="ManageLog.cpp">
      <Filter>源文件</Filter>
    </ClCompile>
    <ClCompile Include="..\source\tinystr.cpp">
      <Filter>源文件\tinyxml</Filter>
    </ClCompile>
    <ClCompile Include="..\source\tinyxml.cpp">
      <Filter>源文件\tinyxml</Filter>
    </ClCompile>
    <ClCompile Include="..\source\tinyxmlerror.cpp">
      <Filter>源文件\tinyxml</Filter>
    </ClCompile>
    <ClCompile Include="..\source\tinyxmlparser.cpp">
      <Filter>源文件\tinyxml</Filter>
    </ClCompile>
    <ClCompile Include="ThreadDeque.cpp">
      <Filter>源文件</Filter>
    </ClCompile>
    <ClCompile Include="utils.cpp">
      <Filter>源文件</Filter>
    </ClCompile>
  </ItemGroup>
  <ItemGroup>
    <ClInclude Include="logger.h">
      <Filter>头文件</Filter>
    </ClInclude>
    <ClInclude Include="ThreadDeque.h">
      <Filter>头文件</Filter>
    </ClInclude>
    <ClInclude Include="loggermessage.h">
      <Filter>头文件</Filter>
    </ClInclude>
    <ClInclude Include="ManageLog.h">
      <Filter>头文件</Filter>
    </ClInclude>
    <ClInclude Include="..\include\Tinyxml\tinystr.h">
      <Filter>头文件\include</Filter>
    </ClInclude>
    <ClInclude Include="..\include\Tinyxml\tinyxml.h">
      <Filter>头文件\include</Filter>
    </ClInclude>
    <ClInclude Include="utils.h">
      <Filter>头文件</Filter>
    </ClInclude>
  </ItemGroup>
  <ItemGroup>
    <Xml Include="..\config\logconfig.xml">
      <Filter>资源文件</Filter>
    </Xml>
  </ItemGroup>
</Project>